
Microsoft Visual Studio Solution File, Format Version 12.00
# Visual Studio Version 18
VisualStudioVersion = 18.6.11822.322
MinimumVisualStudioVersion = 10.0.40219.1
Project("{FAE04EC0-301F-11D3-BF4B-00C04F79EFBC}") = "OcsStore", "OcsStore.csproj", "{AA78CAF3-5E73-40FF-B2F4-AA1CBA84F251}"
EndProject
Global
	GlobalSection(SolutionConfigurationPlatforms) = preSolution
		Debug|Any CPU = Debug|Any CPU
		Debug|ARM64 = Debug|ARM64
		Release|Any CPU = Release|Any CPU
		Release|ARM64 = Release|ARM64
	EndGlobalSection
	GlobalSection(ProjectConfigurationPlatforms) = postSolution
		{AA78CAF3-5E73-40FF-B2F4-AA1CBA84F251}.Debug|Any CPU.ActiveCfg = Debug|Any CPU
		{AA78CAF3-5E73-40FF-B2F4-AA1CBA84F251}.Debug|Any CPU.Build.0 = Debug|Any CPU
		{AA78CAF3-5E73-40FF-B2F4-AA1CBA84F251}.Debug|ARM64.ActiveCfg = Debug|ARM64
		{AA78CAF3-5E73-40FF-B2F4-AA1CBA84F251}.Debug|ARM64.Build.0 = Debug|ARM64
		{AA78CAF3-5E73-40FF-B2F4-AA1CBA84F251}.Release|Any CPU.ActiveCfg = Release|Any CPU
		{AA78CAF3-5E73-40FF-B2F4-AA1CBA84F251}.Release|Any CPU.Build.0 = Release|Any CPU
		{AA78CAF3-5E73-40FF-B2F4-AA1CBA84F251}.Release|ARM64.ActiveCfg = Release|ARM64
		{AA78CAF3-5E73-40FF-B2F4-AA1CBA84F251}.Release|ARM64.Build.0 = Release|ARM64
	EndGlobalSection
	GlobalSection(SolutionProperties) = preSolution
		HideSolutionNode = FALSE
	EndGlobalSection
	GlobalSection(ExtensibilityGlobals) = postSolution
		SolutionGuid = {B734C1F3-FC29-4290-90CE-F5EFA9AE21FE}
	EndGlobalSection
EndGlobal
